dependencies:
- name: tink
  repository: file://../tink
  version: 0.2.1
- name: boots
  repository: file://../boots
  version: 0.2.1
- name: rufio
  repository: file://../rufio
  version: 0.2.4
- name: hegel
  repository: file://../hegel
  version: 0.3.1
- name: gateway-helm
  repository: oci://docker.io/envoyproxy
  version: v0.4.0
digest: sha256:78d173d5971487d5074c5d162fed3dd04690dae63b19ca58367eb5e95c44f884
generated: "2023-07-14T19:33:23.618770224-06:00"
